// !$*UTF8*$!
{
	archiveVersion = 1;
	classes = {
	};
	objectVersion = 46;
	objects = {

/* Begin PBXBuildFile section */
		54179B376134601FA45D358C /* Pods_CurrencyConverter.framework in Frameworks */ = {isa = PBXBuildFile; fileRef = F22EF903DBBDAE75FD4B06B5 /* Pods_CurrencyConverter.framework */; };
		923D8FFA1D902B1100F7B651 /* ViewController.swift in Sources */ = {isa = PBXBuildFile; fileRef = 923D8FF91D902B1100F7B651 /* ViewController.swift */; };
		923D8FFC1D902E1200F7B651 /* ChartViewController.swift in Sources */ = {isa = PBXBuildFile; fileRef = 923D8FFB1D902E1200F7B651 /* ChartViewController.swift */; };
		923D8FFE1D902E3400F7B651 /* Charts.framework in Frameworks */ = {isa = PBXBuildFile; fileRef = 923D8FFD1D902E3400F7B651 /* Charts.framework */; };
		928F8CEE1D8A2AA20055F54E /* AppDelegate.swift in Sources */ = {isa = PBXBuildFile; fileRef = 928F8CED1D8A2AA20055F54E /* AppDelegate.swift */; };
		928F8CF51D8A2AA20055F54E /* Assets.xcassets in Resources */ = {isa = PBXBuildFile; fileRef = 928F8CF41D8A2AA20055F54E /* Assets.xcassets */; };
		928F8CF81D8A2AA20055F54E /* LaunchScreen.storyboard in Resources */ = {isa = PBXBuildFile; fileRef = 928F8CF61D8A2AA20055F54E /* LaunchScreen.storyboard */; };
		928F8D031D8A2AA30055F54E /* CurrencyConverterTests.swift in Sources */ = {isa = PBXBuildFile; fileRef = 928F8D021D8A2AA30055F54E /* CurrencyConverterTests.swift */; };
		928F8D0E1D8A2AA30055F54E /* CurrencyConverterUITests.swift in Sources */ = {isa = PBXBuildFile; fileRef = 928F8D0D1D8A2AA30055F54E /* CurrencyConverterUITests.swift */; };
		92CB87431D8A7FC700C6C1EC /* API.swift in Sources */ = {isa = PBXBuildFile; fileRef = 92CB87421D8A7FC700C6C1EC /* API.swift */; };
/* End PBXBuildFile section */

/* Begin PBXContainerItemProxy section */
		928F8CFF1D8A2AA30055F54E /* PBXContainerItemProxy */ = {
			isa = PBXContainerItemProxy;
			containerPortal = 928F8CE21D8A2AA10055F54E /* Project object */;
			proxyType = 1;
			remoteGlobalIDString = 928F8CE91D8A2AA10055F54E;
			remoteInfo = CurrencyConverter;
		};
		928F8D0A1D8A2AA30055F54E /* PBXContainerItemProxy */ = {
			isa = PBXContainerItemProxy;
			containerPortal = 928F8CE21D8A2AA10055F54E /* Project object */;
			proxyType = 1;
			remoteGlobalIDString = 928F8CE91D8A2AA10055F54E;
			remoteInfo = CurrencyConverter;
		};
/* End PBXContainerItemProxy section */

/* Begin PBXFileReference section */
		923D8FF91D902B1100F7B651 /* ViewController.swift */ = {isa = PBXFileReference; fileEncoding = 4; lastKnownFileType = sourcecode.swift; path = ViewController.swift; sourceTree = "<group>"; };
		923D8FFB1D902E1200F7B651 /* ChartViewController.swift */ = {isa = PBXFileReference; fileEncoding = 4; lastKnownFileType = sourcecode.swift; path = ChartViewController.swift; sourceTree = "<group>"; };
		923D8FFD1D902E3400F7B651 /* Charts.framework */ = {isa = PBXFileReference; lastKnownFileType = wrapper.framework; name = Charts.framework; path = "../../../../../Library/Developer/Xcode/DerivedData/CurrencyConverter-driuupnefrquszbpxjlryzjzitmg/Build/Products/Debug-iphonesimulator/Charts/Charts.framework"; sourceTree = "<group>"; };
		928F8CEA1D8A2AA10055F54E /* CurrencyConverter.app */ = {isa = PBXFileReference; explicitFileType = wrapper.application; includeInIndex = 0; path = CurrencyConverter.app; sourceTree = BUILT_PRODUCTS_DIR; };
		928F8CED1D8A2AA20055F54E /* AppDelegate.swift */ = {isa = PBXFileReference; lastKnownFileType = sourcecode.swift; path = AppDelegate.swift; sourceTree = "<group>"; };
		928F8CF41D8A2AA20055F54E /* Assets.xcassets */ = {isa = PBXFileReference; lastKnownFileType = folder.assetcatalog; path = Assets.xcassets; sourceTree = "<group>"; };
		928F8CF71D8A2AA20055F54E /* Base */ = {isa = PBXFileReference; lastKnownFileType = file.storyboard; name = Base; path = Base.lproj/LaunchScreen.storyboard; sourceTree = "<group>"; };
		928F8CF91D8A2AA20055F54E /* Info.plist */ = {isa = PBXFileReference; lastKnownFileType = text.plist.xml; path = Info.plist; sourceTree = "<group>"; };
		928F8CFE1D8A2AA30055F54E /* CurrencyConverterTests.xctest */ = {isa = PBXFileReference; explicitFileType = wrapper.cfbundle; includeInIndex = 0; path = CurrencyConverterTests.xctest; sourceTree = BUILT_PRODUCTS_DIR; };
		928F8D021D8A2AA30055F54E /* CurrencyConverterTests.swift */ = {isa = PBXFileReference; lastKnownFileType = sourcecode.swift; path = CurrencyConverterTests.swift; sourceTree = "<group>"; };
		928F8D041D8A2AA30055F54E /* Info.plist */ = {isa = PBXFileReference; lastKnownFileType = text.plist.xml; path = Info.plist; sourceTree = "<group>"; };
		928F8D091D8A2AA30055F54E /* CurrencyConverterUITests.xctest */ = {isa = PBXFileReference; explicitFileType = wrapper.cfbundle; includeInIndex = 0; path = CurrencyConverterUITests.xctest; sourceTree = BUILT_PRODUCTS_DIR; };
		928F8D0D1D8A2AA30055F54E /* CurrencyConverterUITests.swift */ = {isa = PBXFileReference; lastKnownFileType = sourcecode.swift; path = CurrencyConverterUITests.swift; sourceTree = "<group>"; };
		928F8D0F1D8A2AA30055F54E /* Info.plist */ = {isa = PBXFileReference; lastKnownFileType = text.plist.xml; path = Info.plist; sourceTree = "<group>"; };
		92CB87421D8A7FC700C6C1EC /* API.swift */ = {isa = PBXFileReference; fileEncoding = 4; lastKnownFileType = sourcecode.swift; path = API.swift; sourceTree = "<group>"; };
		B5DD2CC39D126A5B99D4434A /* Pods-CurrencyConverter.debug.xcconfig */ = {isa = PBXFileReference; includeInIndex = 1; lastKnownFileType = text.xcconfig; name = "Pods-CurrencyConverter.debug.xcconfig"; path = "Pods/Target Support Files/Pods-CurrencyConverter/Pods-CurrencyConverter.debug.xcconfig"; sourceTree = "<group>"; };
		B653EEE3D64D187B8420C0CB /* Pods-CurrencyConverter.release.xcconfig */ = {isa = PBXFileReference; includeInIndex = 1; lastKnownFileType = text.xcconfig; name = "Pods-CurrencyConverter.release.xcconfig"; path = "Pods/Target Support Files/Pods-CurrencyConverter/Pods-CurrencyConverter.release.xcconfig"; sourceTree = "<group>"; };
		F22EF903DBBDAE75FD4B06B5 /* Pods_CurrencyConverter.framework */ = {isa = PBXFileReference; explicitFileType = wrapper.framework; includeInIndex = 0; path = Pods_CurrencyConverter.framework; sourceTree = BUILT_PRODUCTS_DIR; };
/* End PBXFileReference section */

/* Begin PBXFrameworksBuildPhase section */
		928F8CE71D8A2AA10055F54E /* Frameworks */ = {
			isa = PBXFrameworksBuildPhase;
			buildActionMask = 2147483647;
			files = (
				923D8FFE1D902E3400F7B651 /* Charts.framework in Frameworks */,
				54179B376134601FA45D358C /* Pods_CurrencyConverter.framework in Frameworks */,
			);
			runOnlyForDeploymentPostprocessing = 0;
		};
		928F8CFB1D8A2AA30055F54E /* Frameworks */ = {
			isa = PBXFrameworksBuildPhase;
			buildActionMask = 2147483647;
			files = (
			);
			runOnlyForDeploymentPostprocessing = 0;
		};
		928F8D061D8A2AA30055F54E /* Frameworks */ = {
			isa = PBXFrameworksBuildPhase;
			buildActionMask = 2147483647;
			files = (
			);
			runOnlyForDeploymentPostprocessing = 0;
		};
/* End PBXFrameworksBuildPhase section */

/* Begin PBXGroup section */
		59FE5D793403AD742258E8BE /* Pods */ = {
			isa = PBXGroup;
			children = (
				B5DD2CC39D126A5B99D4434A /* Pods-CurrencyConverter.debug.xcconfig */,
				B653EEE3D64D187B8420C0CB /* Pods-CurrencyConverter.release.xcconfig */,
			);
			name = Pods;
			sourceTree = "<group>";
		};
		923D8FD71D8B1D5500F7B651 /* API */ = {
			isa = PBXGroup;
			children = (
				92CB87421D8A7FC700C6C1EC /* API.swift */,
			);
			name = API;
			sourceTree = "<group>";
		};
		923D8FF81D902ADC00F7B651 /* View */ = {
			isa = PBXGroup;
			children = (
				923D8FF91D902B1100F7B651 /* ViewController.swift */,
				923D8FFB1D902E1200F7B651 /* ChartViewController.swift */,
			);
			name = View;
			sourceTree = "<group>";
		};
		928F8CE11D8A2AA10055F54E = {
			isa = PBXGroup;
			children = (
				928F8CEC1D8A2AA20055F54E /* CurrencyConverter */,
				928F8D011D8A2AA30055F54E /* CurrencyConverterTests */,
				928F8D0C1D8A2AA30055F54E /* CurrencyConverterUITests */,
				928F8CEB1D8A2AA10055F54E /* Products */,
				59FE5D793403AD742258E8BE /* Pods */,
				C5DD8E9FADFEB6204C951EBB /* Frameworks */,
			);
			sourceTree = "<group>";
		};
		928F8CEB1D8A2AA10055F54E /* Products */ = {
			isa = PBXGroup;
			children = (
				928F8CEA1D8A2AA10055F54E /* CurrencyConverter.app */,
				928F8CFE1D8A2AA30055F54E /* CurrencyConverterTests.xctest */,
				928F8D091D8A2AA30055F54E /* CurrencyConverterUITests.xctest */,
			);
			name = Products;
			sourceTree = "<group>";
		};
		928F8CEC1D8A2AA20055F54E /* CurrencyConverter */ = {
			isa = PBXGroup;
			children = (
				923D8FF81D902ADC00F7B651 /* View */,
				923D8FD71D8B1D5500F7B651 /* API */,
				928F8CED1D8A2AA20055F54E /* AppDelegate.swift */,
				928F8CF41D8A2AA20055F54E /* Assets.xcassets */,
				928F8CF61D8A2AA20055F54E /* LaunchScreen.storyboard */,
				928F8CF91D8A2AA20055F54E /* Info.plist */,
			);
			path = CurrencyConverter;
			sourceTree = "<group>";
		};
		928F8D011D8A2AA30055F54E /* CurrencyConverterTests */ = {
			isa = PBXGroup;
			children = (
				928F8D021D8A2AA30055F54E /* CurrencyConverterTests.swift */,
				928F8D041D8A2AA30055F54E /* Info.plist */,
			);
			path = CurrencyConverterTests;
			sourceTree = "<group>";
		};
		928F8D0C1D8A2AA30055F54E /* CurrencyConverterUITests */ = {
			isa = PBXGroup;
			children = (
				928F8D0D1D8A2AA30055F54E /* CurrencyConverterUITests.swift */,
				928F8D0F1D8A2AA30055F54E /* Info.plist */,
			);
			path = CurrencyConverterUITests;
			sourceTree = "<group>";
		};
		C5DD8E9FADFEB6204C951EBB /* Frameworks */ = {
			isa = PBXGroup;
			children = (
				923D8FFD1D902E3400F7B651 /* Charts.framework */,
				F22EF903DBBDAE75FD4B06B5 /* Pods_CurrencyConverter.framework */,
			);
			name = Frameworks;
			sourceTree = "<group>";
		};
/* End PBXGroup section */

/* Begin PBXNativeTarget section */
		928F8CE91D8A2AA10055F54E /* CurrencyConverter */ = {
			isa = PBXNativeTarget;
			buildConfigurationList = 928F8D121D8A2AA30055F54E /* Build configuration list for PBXNativeTarget "CurrencyConverter" */;
			buildPhases = (
				19E2C175526A9DAB0C0F142E /* 📦 Check Pods Manifest.lock */,
				928F8CE61D8A2AA10055F54E /* Sources */,
				928F8CE71D8A2AA10055F54E /* Frameworks */,
				928F8CE81D8A2AA10055F54E /* Resources */,
				1338BF231339355C24B7A8A4 /* 📦 Embed Pods Frameworks */,
				4C9EB09C4346D1064357D80B /* 📦 Copy Pods Resources */,
			);
			buildRules = (
			);
			dependencies = (
			);
			name = CurrencyConverter;
			productName = CurrencyConverter;
			productReference = 928F8CEA1D8A2AA10055F54E /* CurrencyConverter.app */;
			productType = "com.apple.product-type.application";
		};
		928F8CFD1D8A2AA30055F54E /* CurrencyConverterTests */ = {
			isa = PBXNativeTarget;
			buildConfigurationList = 928F8D151D8A2AA30055F54E /* Build configuration list for PBXNativeTarget "CurrencyConverterTests" */;
			buildPhases = (
				928F8CFA1D8A2AA30055F54E /* Sources */,
				928F8CFB1D8A2AA30055F54E /* Frameworks */,
				928F8CFC1D8A2AA30055F54E /* Resources */,
			);
			buildRules = (
			);
			dependencies = (
				928F8D001D8A2AA30055F54E /* PBXTargetDependency */,
			);
			name = CurrencyConverterTests;
			productName = CurrencyConverterTests;
			productReference = 928F8CFE1D8A2AA30055F54E /* CurrencyConverterTests.xctest */;
			productType = "com.apple.product-type.bundle.unit-test";
		};
		928F8D081D8A2AA30055F54E /* CurrencyConverterUITests */ = {
			isa = PBXNativeTarget;
			buildConfigurationList = 928F8D181D8A2AA30055F54E /* Build configuration list for PBXNativeTarget "CurrencyConverterUITests" */;
			buildPhases = (
				928F8D051D8A2AA30055F54E /* Sources */,
				928F8D061D8A2AA30055F54E /* Frameworks */,
				928F8D071D8A2AA30055F54E /* Resources */,
			);
			buildRules = (
			);
			dependencies = (
				928F8D0B1D8A2AA30055F54E /* PBXTargetDependency */,
			);
			name = CurrencyConverterUITests;
			productName = CurrencyConverterUITests;
			productReference = 928F8D091D8A2AA30055F54E /* CurrencyConverterUITests.xctest */;
			productType = "com.apple.product-type.bundle.ui-testing";
		};
/* End PBXNativeTarget section */

/* Begin PBXProject section */
		928F8CE21D8A2AA10055F54E /* Project object */ = {
			isa = PBXProject;
			attributes = {
				LastSwiftUpdateCheck = 0730;
				LastUpgradeCheck = 0730;
				ORGANIZATIONNAME = "Luis Arias";
				TargetAttributes = {
					928F8CE91D8A2AA10055F54E = {
						CreatedOnToolsVersion = 7.3.1;
						DevelopmentTeam = G9KYNT8JLN;
					};
					928F8CFD1D8A2AA30055F54E = {
						CreatedOnToolsVersion = 7.3.1;
						DevelopmentTeam = G9KYNT8JLN;
						TestTargetID = 928F8CE91D8A2AA10055F54E;
					};
					928F8D081D8A2AA30055F54E = {
						CreatedOnToolsVersion = 7.3.1;
						DevelopmentTeam = G9KYNT8JLN;
						TestTargetID = 928F8CE91D8A2AA10055F54E;
					};
				};
			};
			buildConfigurationList = 928F8CE51D8A2AA10055F54E /* Build configuration list for PBXProject "CurrencyConverter" */;
			compatibilityVersion = "Xcode 3.2";
			developmentRegion = English;
			hasScannedForEncodings = 0;
			knownRegions = (
				en,
				Base,
			);
			mainGroup = 928F8CE11D8A2AA10055F54E;
			productRefGroup = 928F8CEB1D8A2AA10055F54E /* Products */;
			projectDirPath = "";
			projectRoot = "";
			targets = (
				928F8CE91D8A2AA10055F54E /* CurrencyConverter */,
				928F8CFD1D8A2AA30055F54E /* CurrencyConverterTests */,
				928F8D081D8A2AA30055F54E /* CurrencyConverterUITests */,
			);
		};
/* End PBXProject section */

/* Begin PBXResourcesBuildPhase section */
		928F8CE81D8A2AA10055F54E /* Resources */ = {
			isa = PBXResourcesBuildPhase;
			buildActionMask = 2147483647;
			files = (
				928F8CF81D8A2AA20055F54E /* LaunchScreen.storyboard in Resources */,
				928F8CF51D8A2AA20055F54E /* Assets.xcassets in Resources */,
			);
			runOnlyForDeploymentPostprocessing = 0;
		};
		928F8CFC1D8A2AA30055F54E /* Resources */ = {
			isa = PBXResourcesBuildPhase;
			buildActionMask = 2147483647;
			files = (
			);
			runOnlyForDeploymentPostprocessing = 0;
		};
		928F8D071D8A2AA30055F54E /* Resources */ = {
			isa = PBXResourcesBuildPhase;
			buildActionMask = 2147483647;
			files = (
			);
			runOnlyForDeploymentPostprocessing = 0;
		};
/* End PBXResourcesBuildPhase section */

/* Begin PBXShellScriptBuildPhase section */
		1338BF231339355C24B7A8A4 /* 📦 Embed Pods Frameworks */ = {
			isa = PBXShellScriptBuildPhase;
			buildActionMask = 2147483647;
			files = (
			);
			inputPaths = (
			);
			name = "📦 Embed Pods Frameworks";
			outputPaths = (
			);
			runOnlyForDeploymentPostprocessing = 0;
			shellPath = /bin/sh;
			shellScript = "\"${SRCROOT}/Pods/Target Support Files/Pods-CurrencyConverter/Pods-CurrencyConverter-frameworks.sh\"\n";
			showEnvVarsInLog = 0;
		};
		19E2C175526A9DAB0C0F142E /* 📦 Check Pods Manifest.lock */ = {
			isa = PBXShellScriptBuildPhase;
			buildActionMask = 2147483647;
			files = (
			);
			inputPaths = (
			);
			name = "📦 Check Pods Manifest.lock";
			outputPaths = (
			);
			runOnlyForDeploymentPostprocessing = 0;
			shellPath = /bin/sh;
			shellScript = "diff \"${PODS_ROOT}/../Podfile.lock\" \"${PODS_ROOT}/Manifest.lock\" > /dev/null\nif [[ $? != 0 ]] ; then\n    cat << EOM\nerror: The sandbox is not in sync with the Podfile.lock. Run 'pod install' or update your CocoaPods installation.\nEOM\n    exit 1\nfi\n";
			showEnvVarsInLog = 0;
		};
		4C9EB09C4346D1064357D80B /* 📦 Copy Pods Resources */ = {
			isa = PBXShellScriptBuildPhase;
			buildActionMask = 2147483647;
			files = (
			);
			inputPaths = (
			);
			name = "📦 Copy Pods Resources";
			outputPaths = (
			);
			runOnlyForDeploymentPostprocessing = 0;
			shellPath = /bin/sh;
			shellScript = "\"${SRCROOT}/Pods/Target Support Files/Pods-CurrencyConverter/Pods-CurrencyConverter-resources.sh\"\n";
			showEnvVarsInLog = 0;
		};
/* End PBXShellScriptBuildPhase section */

/* Begin PBXSourcesBuildPhase section */
		928F8CE61D8A2AA10055F54E /* Sources */ = {
			isa = PBXSourcesBuildPhase;
			buildActionMask = 2147483647;
			files = (
				923D8FFA1D902B1100F7B651 /* ViewController.swift in Sources */,
				923D8FFC1D902E1200F7B651 /* ChartViewController.swift in Sources */,
				92CB87431D8A7FC700C6C1EC /* API.swift in Sources */,
				928F8CEE1D8A2AA20055F54E /* AppDelegate.swift in Sources */,
			);
			runOnlyForDeploymentPostprocessing = 0;
		};
		928F8CFA1D8A2AA30055F54E /* Sources */ = {
			isa = PBXSourcesBuildPhase;
			buildActionMask = 2147483647;
			files = (
				928F8D031D8A2AA30055F54E /* CurrencyConverterTests.swift in Sources */,
			);
			runOnlyForDeploymentPostprocessing = 0;
		};
		928F8D051D8A2AA30055F54E /* Sources */ = {
			isa = PBXSourcesBuildPhase;
			buildActionMask = 2147483647;
			files = (
				928F8D0E1D8A2AA30055F54E /* CurrencyConverterUITests.swift in Sources */,
			);
			runOnlyForDeploymentPostprocessing = 0;
		};
/* End PBXSourcesBuildPhase section */

/* Begin PBXTargetDependency section */
		928F8D001D8A2AA30055F54E /* PBXTargetDependency */ = {
			isa = PBXTargetDependency;
			target = 928F8CE91D8A2AA10055F54E /* CurrencyConverter */;
			targetProxy = 928F8CFF1D8A2AA30055F54E /* PBXContainerItemProxy */;
		};
		928F8D0B1D8A2AA30055F54E /* PBXTargetDependency */ = {
			isa = PBXTargetDependency;
			target = 928F8CE91D8A2AA10055F54E /* CurrencyConverter */;
			targetProxy = 928F8D0A1D8A2AA30055F54E /* PBXContainerItemProxy */;
		};
/* End PBXTargetDependency section */

/* Begin PBXVariantGroup section */
		928F8CF61D8A2AA20055F54E /* LaunchScreen.storyboard */ = {
			isa = PBXVariantGroup;
			children = (
				928F8CF71D8A2AA20055F54E /* Base */,
			);
			name = LaunchScreen.storyboard;
			sourceTree = "<group>";
		};
/* End PBXVariantGroup section */

/* Begin XCBuildConfiguration section */
		928F8D101D8A2AA30055F54E /* Debug */ = {
			isa = XCBuildConfiguration;
			buildSettings = {
				ALWAYS_SEARCH_USER_PATHS = NO;
				CLANG_ANALYZER_NONNULL = YES;
				CLANG_CXX_LANGUAGE_STANDARD = "gnu++0x";
				CLANG_CXX_LIBRARY = "libc++";
				CLANG_ENABLE_MODULES = YES;
				CLANG_ENABLE_OBJC_ARC = YES;
				CLANG_WARN_BOOL_CONVERSION = YES;
				CLANG_WARN_CONSTANT_CONVERSION = YES;
				CLANG_WARN_DIRECT_OBJC_ISA_USAGE = YES_ERROR;
				CLANG_WARN_EMPTY_BODY = YES;
				CLANG_WARN_ENUM_CONVERSION = YES;
				CLANG_WARN_INT_CONVERSION = YES;
				CLANG_WARN_OBJC_ROOT_CLASS = YES_ERROR;
				CLANG_WARN_UNREACHABLE_CODE = YES;
				CLANG_WARN__DUPLICATE_METHOD_MATCH = YES;
				"CODE_SIGN_IDENTITY[sdk=iphoneos*]" = "iPhone Developer";
				COPY_PHASE_STRIP = NO;
				DEBUG_INFORMATION_FORMAT = dwarf;
				ENABLE_STRICT_OBJC_MSGSEND = YES;
				ENABLE_TESTABILITY = YES;
				GCC_C_LANGUAGE_STANDARD = gnu99;
				GCC_DYNAMIC_NO_PIC = NO;
				GCC_NO_COMMON_BLOCKS = YES;
				GCC_OPTIMIZATION_LEVEL = 0;
				GCC_PREPROCESSOR_DEFINITIONS = (
					"DEBUG=1",
					"$(inherited)",
				);
				GCC_WARN_64_TO_32_BIT_CONVERSION = YES;
				GCC_WARN_ABOUT_RETURN_TYPE = YES_ERROR;
				GCC_WARN_UNDECLARED_SELECTOR = YES;
				GCC_WARN_UNINITIALIZED_AUTOS = YES_AGGRESSIVE;
				GCC_WARN_UNUSED_FUNCTION = YES;
				GCC_WARN_UNUSED_VARIABLE = YES;
				IPHONEOS_DEPLOYMENT_TARGET = 9.3;
				MTL_ENABLE_DEBUG_INFO = YES;
				ONLY_ACTIVE_ARCH = YES;
				SDKROOT = iphoneos;
				SWIFT_OPTIMIZATION_LEVEL = "-Onone";
			};
			name = Debug;
		};
		928F8D111D8A2AA30055F54E /* Release */ = {
			isa = XCBuildConfiguration;
			buildSettings = {
				ALWAYS_SEARCH_USER_PATHS = NO;
				CLANG_ANALYZER_NONNULL = YES;
				CLANG_CXX_LANGUAGE_STANDARD = "gnu++0x";
				CLANG_CXX_LIBRARY = "libc++";
				CLANG_ENABLE_MODULES = YES;
				CLANG_ENABLE_OBJC_ARC = YES;
				CLANG_WARN_BOOL_CONVERSION = YES;
				CLANG_WARN_CONSTANT_CONVERSION = YES;
				CLANG_WARN_DIRECT_OBJC_ISA_USAGE = YES_ERROR;
				CLANG_WARN_EMPTY_BODY = YES;
				CLANG_WARN_ENUM_CONVERSION = YES;
				CLANG_WARN_INT_CONVERSION = YES;
				CLANG_WARN_OBJC_ROOT_CLASS = YES_ERROR;
				CLANG_WARN_UNREACHABLE_CODE = YES;
				CLANG_WARN__DUPLICATE_METHOD_MATCH = YES;
				"CODE_SIGN_IDENTITY[sdk=iphoneos*]" = "iPhone Developer";
				COPY_PHASE_STRIP = NO;
				DEBUG_INFORMATION_FORMAT = "dwarf-with-dsym";
				ENABLE_NS_ASSERTIONS = NO;
				ENABLE_STRICT_OBJC_MSGSEND = YES;
				GCC_C_LANGUAGE_STANDARD = gnu99;
				GCC_NO_COMMON_BLOCKS = YES;
				GCC_WARN_64_TO_32_BIT_CONVERSION = YES;
				GCC_WARN_ABOUT_RETURN_TYPE = YES_ERROR;
				GCC_WARN_UNDECLARED_SELECTOR = YES;
				GCC_WARN_UNINITIALIZED_AUTOS = YES_AGGRESSIVE;
				GCC_WARN_UNUSED_FUNCTION = YES;
				GCC_WARN_UNUSED_VARIABLE = YES;
				IPHONEOS_DEPLOYMENT_TARGET = 9.3;
				MTL_ENABLE_DEBUG_INFO = NO;
				SDKROOT = iphoneos;
				VALIDATE_PRODUCT = YES;
			};
			name = Release;
		};
		928F8D131D8A2AA30055F54E /* Debug */ = {
			isa = XCBuildConfiguration;
			baseConfigurationReference = B5DD2CC39D126A5B99D4434A /* Pods-CurrencyConverter.debug.xcconfig */;
			buildSettings = {
				ASSETCATALOG_COMPILER_APPICON_NAME = AppIcon;
				INFOPLIST_FILE = CurrencyConverter/Info.plist;
				LD_RUNPATH_SEARCH_PATHS = "$(inherited) @executable_path/Frameworks";
				PRODUCT_BUNDLE_IDENTIFIER = luis.arias.com.CurrencyConverter;
				PRODUCT_NAME = "$(TARGET_NAME)";
			};
			name = Debug;
		};
		928F8D141D8A2AA30055F54E /* Release */ = {
			isa = XCBuildConfiguration;
			baseConfigurationReference = B653EEE3D64D187B8420C0CB /* Pods-CurrencyConverter.release.xcconfig */;
			buildSettings = {
				ASSETCATALOG_COMPILER_APPICON_NAME = AppIcon;
				INFOPLIST_FILE = CurrencyConverter/Info.plist;
				LD_RUNPATH_SEARCH_PATHS = "$(inherited) @executable_path/Frameworks";
				PRODUCT_BUNDLE_IDENTIFIER = luis.arias.com.CurrencyConverter;
				PRODUCT_NAME = "$(TARGET_NAME)";
			};
			name = Release;
		};
		928F8D161D8A2AA30055F54E /* Debug */ = {
			isa = XCBuildConfiguration;
			buildSettings = {
				BUNDLE_LOADER = "$(TEST_HOST)";
				INFOPLIST_FILE = CurrencyConverterTests/Info.plist;
				LD_RUNPATH_SEARCH_PATHS = "$(inherited) @executable_path/Frameworks @loader_path/Frameworks";
				PRODUCT_BUNDLE_IDENTIFIER = luis.arias.com.CurrencyConverterTests;
				PRODUCT_NAME = "$(TARGET_NAME)";
				TEST_HOST = "$(BUILT_PRODUCTS_DIR)/CurrencyConverter.app/CurrencyConverter";
			};
			name = Debug;
		};
		928F8D171D8A2AA30055F54E /* Release */ = {
			isa = XCBuildConfiguration;
			buildSettings = {
				BUNDLE_LOADER = "$(TEST_HOST)";
				INFOPLIST_FILE = CurrencyConverterTests/Info.plist;
				LD_RUNPATH_SEARCH_PATHS = "$(inherited) @executable_path/Frameworks @loader_path/Frameworks";
				PRODUCT_BUNDLE_IDENTIFIER = luis.arias.com.CurrencyConverterTests;
				PRODUCT_NAME = "$(TARGET_NAME)";
				TEST_HOST = "$(BUILT_PRODUCTS_DIR)/CurrencyConverter.app/CurrencyConverter";
			};
			name = Release;
		};
		928F8D191D8A2AA30055F54E /* Debug */ = {
			isa = XCBuildConfiguration;
			buildSettings = {
				INFOPLIST_FILE = CurrencyConverterUITests/Info.plist;
				LD_RUNPATH_SEARCH_PATHS = "$(inherited) @executable_path/Frameworks @loader_path/Frameworks";
				PRODUCT_BUNDLE_IDENTIFIER = luis.arias.com.CurrencyConverterUITests;
				PRODUCT_NAME = "$(TARGET_NAME)";
				TEST_TARGET_NAME = CurrencyConverter;
			};
			name = Debug;
		};
		928F8D1A1D8A2AA30055F54E /* Release */ = {
			isa = XCBuildConfiguration;
			buildSettings = {
				INFOPLIST_FILE = CurrencyConverterUITests/Info.plist;
				LD_RUNPATH_SEARCH_PATHS = "$(inherited) @executable_path/Frameworks @loader_path/Frameworks";
				PRODUCT_BUNDLE_IDENTIFIER = luis.arias.com.CurrencyConverterUITests;
				PRODUCT_NAME = "$(TARGET_NAME)";
				TEST_TARGET_NAME = CurrencyConverter;
			};
			name = Release;
		};
/* End XCBuildConfiguration section */

/* Begin XCConfigurationList section */
		928F8CE51D8A2AA10055F54E /* Build configuration list for PBXProject "CurrencyConverter" */ = {
			isa = XCConfigurationList;
			buildConfigurations = (
				928F8D101D8A2AA30055F54E /* Debug */,
				928F8D111D8A2AA30055F54E /* Release */,
			);
			defaultConfigurationIsVisible = 0;
			defaultConfigurationName = Release;
		};
		928F8D121D8A2AA30055F54E /* Build configuration list for PBXNativeTarget "CurrencyConverter" */ = {
			isa = XCConfigurationList;
			buildConfigurations = (
				928F8D131D8A2AA30055F54E /* Debug */,
				928F8D141D8A2AA30055F54E /* Release */,
			);
			defaultConfigurationIsVisible = 0;
			defaultConfigurationName = Release;
		};
		928F8D151D8A2AA30055F54E /* Build configuration list for PBXNativeTarget "CurrencyConverterTests" */ = {
			isa = XCConfigurationList;
			buildConfigurations = (
				928F8D161D8A2AA30055F54E /* Debug */,
				928F8D171D8A2AA30055F54E /* Release */,
			);
			defaultConfigurationIsVisible = 0;
			defaultConfigurationName = Release;
		};
		928F8D181D8A2AA30055F54E /* Build configuration list for PBXNativeTarget "CurrencyConverterUITests" */ = {
			isa = XCConfigurationList;
			buildConfigurations = (
				928F8D191D8A2AA30055F54E /* Debug */,
				928F8D1A1D8A2AA30055F54E /* Release */,
			);
			defaultConfigurationIsVisible = 0;
			defaultConfigurationName = Release;
		};
/* End XCConfigurationList section */
	};
	rootObject = 928F8CE21D8A2AA10055F54E /* Project object */;
}
